// !$*UTF8*$!
{
	archiveVersion = 1;
	classes = {
	};
	objectVersion = 55;
	objects = {

/* Begin PBXBuildFile section */
		9109952F277FC8E000CC1F80 /* MessageListView.swift in Sources */ = {isa = PBXBuildFile; fileRef = 9109952E277FC8E000CC1F80 /* MessageListView.swift */; };
		91099531277FC90B00CC1F80 /* MessageListVM.swift in Sources */ = {isa = PBXBuildFile; fileRef = 91099530277FC90B00CC1F80 /* MessageListVM.swift */; };
		9171174F27838DA70073C1F2 /* PurchasePopup.swift in Sources */ = {isa = PBXBuildFile; fileRef = 9171174E27838DA70073C1F2 /* PurchasePopup.swift */; };
		91A603BB277F548200B41F27 /* ChatView.swift in Sources */ = {isa = PBXBuildFile; fileRef = 91A603BA277F548200B41F27 /* ChatView.swift */; };
		91A603BD277F54CC00B41F27 /* ChatManager.swift in Sources */ = {isa = PBXBuildFile; fileRef = 91A603BC277F54CC00B41F27 /* ChatManager.swift */; };
		91A603BF277F584900B41F27 /* ChatViewHeader.swift in Sources */ = {isa = PBXBuildFile; fileRef = 91A603BE277F584900B41F27 /* ChatViewHeader.swift */; };
		91BA7D302780B13300EC3901 /* MessageRow.swift in Sources */ = {isa = PBXBuildFile; fileRef = 91BA7D2F2780B13300EC3901 /* MessageRow.swift */; };
		91C3B80F2782068B00521FAE /* UserManager.swift in Sources */ = {isa = PBXBuildFile; fileRef = 91C3B80E2782068B00521FAE /* UserManager.swift */; };
		91C3B811278206CA00521FAE /* User.swift in Sources */ = {isa = PBXBuildFile; fileRef = 91C3B810278206CA00521FAE /* User.swift */; };
		91C3B8142782082000521FAE /* LikesView.swift in Sources */ = {isa = PBXBuildFile; fileRef = 91C3B8132782082000521FAE /* LikesView.swift */; };
		91C3B81627820B2500521FAE /* PersonCard.swift in Sources */ = {isa = PBXBuildFile; fileRef = 91C3B81527820B2500521FAE /* PersonCard.swift */; };
		91C3B81827822E2400521FAE /* TopPicksView.swift in Sources */ = {isa = PBXBuildFile; fileRef = 91C3B81727822E2400521FAE /* TopPicksView.swift */; };
		91C3B81A27822ECD00521FAE /* MatchesView.swift in Sources */ = {isa = PBXBuildFile; fileRef = 91C3B81927822ECD00521FAE /* MatchesView.swift */; };
		91F37518277E46B9006C970F /* Tinder_BuildApp.swift in Sources */ = {isa = PBXBuildFile; fileRef = 91F37517277E46B9006C970F /* Tinder_BuildApp.swift */; };
		91F3751A277E46B9006C970F /* ContentView.swift in Sources */ = {isa = PBXBuildFile; fileRef = 91F37519277E46B9006C970F /* ContentView.swift */; };
		91F3751C277E46BA006C970F /* Assets.xcassets in Resources */ = {isa = PBXBuildFile; fileRef = 91F3751B277E46BA006C970F /* Assets.xcassets */; };
		91F3751F277E46BA006C970F /* Preview Assets.xcassets in Resources */ = {isa = PBXBuildFile; fileRef = 91F3751E277E46BA006C970F /* Preview Assets.xcassets */; };
		91F37526277E4851006C970F /* MainView.swift in Sources */ = {isa = PBXBuildFile; fileRef = 91F37525277E4851006C970F /* MainView.swift */; };
		91F37528277E49B3006C970F /* TabBarButton.swift in Sources */ = {isa = PBXBuildFile; fileRef = 91F37527277E49B3006C970F /* TabBarButton.swift */; };
		91F3752A277E4D51006C970F /* AppStateManager.swift in Sources */ = {isa = PBXBuildFile; fileRef = 91F37529277E4D51006C970F /* AppStateManager.swift */; };
		91F3752C277E515E006C970F /* Extensions.swift in Sources */ = {isa = PBXBuildFile; fileRef = 91F3752B277E515E006C970F /* Extensions.swift */; };
		91F37533277E5C6B006C970F /* ProfileView.swift in Sources */ = {isa = PBXBuildFile; fileRef = 91F37532277E5C6B006C970F /* ProfileView.swift */; };
		91F37535277E5DCE006C970F /* RoundedImage.swift in Sources */ = {isa = PBXBuildFile; fileRef = 91F37534277E5DCE006C970F /* RoundedImage.swift */; };
		91F37538277E5E2E006C970F /* Kingfisher in Frameworks */ = {isa = PBXBuildFile; productRef = 91F37537277E5E2E006C970F /* Kingfisher */; };
		91F3753A277E6FB3006C970F /* ProfilePromo.swift in Sources */ = {isa = PBXBuildFile; fileRef = 91F37539277E6FB3006C970F /* ProfilePromo.swift */; };
		91F3753D277E76AA006C970F /* Message.swift in Sources */ = {isa = PBXBuildFile; fileRef = 91F3753C277E76AA006C970F /* Message.swift */; };
		91F3753F277E776F006C970F /* Person.swift in Sources */ = {isa = PBXBuildFile; fileRef = 91F3753E277E776F006C970F /* Person.swift */; };
		91F37541277E7D36006C970F /* MessageThread.swift in Sources */ = {isa = PBXBuildFile; fileRef = 91F37540277E7D36006C970F /* MessageThread.swift */; };
		91F37543277E7DD2006C970F /* MessageBubble.swift in Sources */ = {isa = PBXBuildFile; fileRef = 91F37542277E7DD2006C970F /* MessageBubble.swift */; };
/* End PBXBuildFile section */

/* Begin PBXFileReference section */
		9109952E277FC8E000CC1F80 /* MessageListView.swift */ = {isa = PBXFileReference; lastKnownFileType = sourcecode.swift; path = MessageListView.swift; sourceTree = "<group>"; };
		91099530277FC90B00CC1F80 /* MessageListVM.swift */ = {isa = PBXFileReference; lastKnownFileType = sourcecode.swift; path = MessageListVM.swift; sourceTree = "<group>"; };
		9171174E27838DA70073C1F2 /* PurchasePopup.swift */ = {isa = PBXFileReference; lastKnownFileType = sourcecode.swift; path = PurchasePopup.swift; sourceTree = "<group>"; };
		91A603BA277F548200B41F27 /* ChatView.swift */ = {isa = PBXFileReference; lastKnownFileType = sourcecode.swift; path = ChatView.swift; sourceTree = "<group>"; };
		91A603BC277F54CC00B41F27 /* ChatManager.swift */ = {isa = PBXFileReference; lastKnownFileType = sourcecode.swift; path = ChatManager.swift; sourceTree = "<group>"; };
		91A603BE277F584900B41F27 /* ChatViewHeader.swift */ = {isa = PBXFileReference; lastKnownFileType = sourcecode.swift; path = ChatViewHeader.swift; sourceTree = "<group>"; };
		91BA7D2F2780B13300EC3901 /* MessageRow.swift */ = {isa = PBXFileReference; lastKnownFileType = sourcecode.swift; path = MessageRow.swift; sourceTree = "<group>"; };
		91C3B80E2782068B00521FAE /* UserManager.swift */ = {isa = PBXFileReference; lastKnownFileType = sourcecode.swift; path = UserManager.swift; sourceTree = "<group>"; };
		91C3B810278206CA00521FAE /* User.swift */ = {isa = PBXFileReference; lastKnownFileType = sourcecode.swift; path = User.swift; sourceTree = "<group>"; };
		91C3B8132782082000521FAE /* LikesView.swift */ = {isa = PBXFileReference; lastKnownFileType = sourcecode.swift; path = LikesView.swift; sourceTree = "<group>"; };
		91C3B81527820B2500521FAE /* PersonCard.swift */ = {isa = PBXFileReference; lastKnownFileType = sourcecode.swift; path = PersonCard.swift; sourceTree = "<group>"; };
		91C3B81727822E2400521FAE /* TopPicksView.swift */ = {isa = PBXFileReference; lastKnownFileType = sourcecode.swift; path = TopPicksView.swift; sourceTree = "<group>"; };
		91C3B81927822ECD00521FAE /* MatchesView.swift */ = {isa = PBXFileReference; lastKnownFileType = sourcecode.swift; path = MatchesView.swift; sourceTree = "<group>"; };
		91F37514277E46B9006C970F /* Tinder Build.app */ = {isa = PBXFileReference; explicitFileType = wrapper.application; includeInIndex = 0; path = "Tinder Build.app"; sourceTree = BUILT_PRODUCTS_DIR; };
		91F37517277E46B9006C970F /* Tinder_BuildApp.swift */ = {isa = PBXFileReference; lastKnownFileType = sourcecode.swift; path = Tinder_BuildApp.swift; sourceTree = "<group>"; };
		91F37519277E46B9006C970F /* ContentView.swift */ = {isa = PBXFileReference; lastKnownFileType = sourcecode.swift; path = ContentView.swift; sourceTree = "<group>"; };
		91F3751B277E46BA006C970F /* Assets.xcassets */ = {isa = PBXFileReference; lastKnownFileType = folder.assetcatalog; path = Assets.xcassets; sourceTree = "<group>"; };
		91F3751E277E46BA006C970F /* Preview Assets.xcassets */ = {isa = PBXFileReference; lastKnownFileType = folder.assetcatalog; path = "Preview Assets.xcassets"; sourceTree = "<group>"; };
		91F37525277E4851006C970F /* MainView.swift */ = {isa = PBXFileReference; lastKnownFileType = sourcecode.swift; path = MainView.swift; sourceTree = "<group>"; };
		91F37527277E49B3006C970F /* TabBarButton.swift */ = {isa = PBXFileReference; lastKnownFileType = sourcecode.swift; path = TabBarButton.swift; sourceTree = "<group>"; };
		91F37529277E4D51006C970F /* AppStateManager.swift */ = {isa = PBXFileReference; lastKnownFileType = sourcecode.swift; path = AppStateManager.swift; sourceTree = "<group>"; };
		91F3752B277E515E006C970F /* Extensions.swift */ = {isa = PBXFileReference; lastKnownFileType = sourcecode.swift; path = Extensions.swift; sourceTree = "<group>"; };
		91F37532277E5C6B006C970F /* ProfileView.swift */ = {isa = PBXFileReference; lastKnownFileType = sourcecode.swift; path = ProfileView.swift; sourceTree = "<group>"; };
		91F37534277E5DCE006C970F /* RoundedImage.swift */ = {isa = PBXFileReference; lastKnownFileType = sourcecode.swift; path = RoundedImage.swift; sourceTree = "<group>"; };
		91F37539277E6FB3006C970F /* ProfilePromo.swift */ = {isa = PBXFileReference; lastKnownFileType = sourcecode.swift; path = ProfilePromo.swift; sourceTree = "<group>"; };
		91F3753C277E76AA006C970F /* Message.swift */ = {isa = PBXFileReference; lastKnownFileType = sourcecode.swift; path = Message.swift; sourceTree = "<group>"; };
		91F3753E277E776F006C970F /* Person.swift */ = {isa = PBXFileReference; lastKnownFileType = sourcecode.swift; path = Person.swift; sourceTree = "<group>"; };
		91F37540277E7D36006C970F /* MessageThread.swift */ = {isa = PBXFileReference; lastKnownFileType = sourcecode.swift; path = MessageThread.swift; sourceTree = "<group>"; };
		91F37542277E7DD2006C970F /* MessageBubble.swift */ = {isa = PBXFileReference; lastKnownFileType = sourcecode.swift; path = MessageBubble.swift; sourceTree = "<group>"; };
/* End PBXFileReference section */

/* Begin PBXFrameworksBuildPhase section */
		91F37511277E46B9006C970F /* Frameworks */ = {
			isa = PBXFrameworksBuildPhase;
			buildActionMask = 2147483647;
			files = (
				91F37538277E5E2E006C970F /* Kingfisher in Frameworks */,
			);
			runOnlyForDeploymentPostprocessing = 0;
		};
/* End PBXFrameworksBuildPhase section */

/* Begin PBXGroup section */
		9171174D27838D6D0073C1F2 /* Purchase */ = {
			isa = PBXGroup;
			children = (
				9171174E27838DA70073C1F2 /* PurchasePopup.swift */,
			);
			path = Purchase;
			sourceTree = "<group>";
		};
		91C3B812278207FC00521FAE /* Matches */ = {
			isa = PBXGroup;
			children = (
				91C3B81927822ECD00521FAE /* MatchesView.swift */,
				91C3B81727822E2400521FAE /* TopPicksView.swift */,
				91C3B8132782082000521FAE /* LikesView.swift */,
				91C3B81527820B2500521FAE /* PersonCard.swift */,
			);
			path = Matches;
			sourceTree = "<group>";
		};
		91F3750B277E46B9006C970F = {
			isa = PBXGroup;
			children = (
				91F37516277E46B9006C970F /* Tinder Build */,
				91F37515277E46B9006C970F /* Products */,
			);
			sourceTree = "<group>";
		};
		91F37515277E46B9006C970F /* Products */ = {
			isa = PBXGroup;
			children = (
				91F37514277E46B9006C970F /* Tinder Build.app */,
			);
			name = Products;
			sourceTree = "<group>";
		};
		91F37516277E46B9006C970F /* Tinder Build */ = {
			isa = PBXGroup;
			children = (
				91F37517277E46B9006C970F /* Tinder_BuildApp.swift */,
				91F37529277E4D51006C970F /* AppStateManager.swift */,
				91C3B80E2782068B00521FAE /* UserManager.swift */,
				91F37519277E46B9006C970F /* ContentView.swift */,
				91F3752F277E58F0006C970F /* Model */,
				91F37530277E5909006C970F /* Home */,
				91C3B812278207FC00521FAE /* Matches */,
				91F3753B277E7634006C970F /* Messages */,
				91F37531277E5C58006C970F /* Profile */,
				9171174D27838D6D0073C1F2 /* Purchase */,
				91F3752E277E53BC006C970F /* Components */,
				91F3752D277E53A4006C970F /* Helpers */,
				91F3751B277E46BA006C970F /* Assets.xcassets */,
				91F3751D277E46BA006C970F /* Preview Content */,
			);
			path = "Tinder Build";
			sourceTree = "<group>";
		};
		91F3751D277E46BA006C970F /* Preview Content */ = {
			isa = PBXGroup;
			children = (
				91F3751E277E46BA006C970F /* Preview Assets.xcassets */,
			);
			path = "Preview Content";
			sourceTree = "<group>";
		};
		91F3752D277E53A4006C970F /* Helpers */ = {
			isa = PBXGroup;
			children = (
				91F3752B277E515E006C970F /* Extensions.swift */,
			);
			path = Helpers;
			sourceTree = "<group>";
		};
		91F3752E277E53BC006C970F /* Components */ = {
			isa = PBXGroup;
			children = (
				91F37527277E49B3006C970F /* TabBarButton.swift */,
				91F37534277E5DCE006C970F /* RoundedImage.swift */,
			);
			path = Components;
			sourceTree = "<group>";
		};
		91F3752F277E58F0006C970F /* Model */ = {
			isa = PBXGroup;
			children = (
				91F3753E277E776F006C970F /* Person.swift */,
				91F3753C277E76AA006C970F /* Message.swift */,
				91F37540277E7D36006C970F /* MessageThread.swift */,
				91C3B810278206CA00521FAE /* User.swift */,
			);
			path = Model;
			sourceTree = "<group>";
		};
		91F37530277E5909006C970F /* Home */ = {
			isa = PBXGroup;
			children = (
				91F37525277E4851006C970F /* MainView.swift */,
			);
			path = Home;
			sourceTree = "<group>";
		};
		91F37531277E5C58006C970F /* Profile */ = {
			isa = PBXGroup;
			children = (
				91F37532277E5C6B006C970F /* ProfileView.swift */,
				91F37539277E6FB3006C970F /* ProfilePromo.swift */,
			);
			path = Profile;
			sourceTree = "<group>";
		};
		91F3753B277E7634006C970F /* Messages */ = {
			isa = PBXGroup;
			children = (
				91F37542277E7DD2006C970F /* MessageBubble.swift */,
				91A603BA277F548200B41F27 /* ChatView.swift */,
				91A603BC277F54CC00B41F27 /* ChatManager.swift */,
				91A603BE277F584900B41F27 /* ChatViewHeader.swift */,
				9109952E277FC8E000CC1F80 /* MessageListView.swift */,
				91099530277FC90B00CC1F80 /* MessageListVM.swift */,
				91BA7D2F2780B13300EC3901 /* MessageRow.swift */,
			);
			path = Messages;
			sourceTree = "<group>";
		};
/* End PBXGroup section */

/* Begin PBXNativeTarget section */
		91F37513277E46B9006C970F /* Tinder Build */ = {
			isa = PBXNativeTarget;
			buildConfigurationList = 91F37522277E46BA006C970F /* Build configuration list for PBXNativeTarget "Tinder Build" */;
			buildPhases = (
				91F37510277E46B9006C970F /* Sources */,
				91F37511277E46B9006C970F /* Frameworks */,
				91F37512277E46B9006C970F /* Resources */,
			);
			buildRules = (
			);
			dependencies = (
			);
			name = "Tinder Build";
			packageProductDependencies = (
				91F37537277E5E2E006C970F /* Kingfisher */,
			);
			productName = "Tinder Build";
			productReference = 91F37514277E46B9006C970F /* Tinder Build.app */;
			productType = "com.apple.product-type.application";
		};
/* End PBXNativeTarget section */

/* Begin PBXProject section */
		91F3750C277E46B9006C970F /* Project object */ = {
			isa = PBXProject;
			attributes = {
				BuildIndependentTargetsInParallel = 1;
				LastSwiftUpdateCheck = 1320;
				LastUpgradeCheck = 1320;
				TargetAttributes = {
					91F37513277E46B9006C970F = {
						CreatedOnToolsVersion = 13.2.1;
					};
				};
			};
			buildConfigurationList = 91F3750F277E46B9006C970F /* Build configuration list for PBXProject "Tinder Build" */;
			compatibilityVersion = "Xcode 13.0";
			developmentRegion = en;
			hasScannedForEncodings = 0;
			knownRegions = (
				en,
				Base,
			);
			mainGroup = 91F3750B277E46B9006C970F;
			packageReferences = (
				91F37536277E5E2E006C970F /* XCRemoteSwiftPackageReference "Kingfisher" */,
			);
			productRefGroup = 91F37515277E46B9006C970F /* Products */;
			projectDirPath = "";
			projectRoot = "";
			targets = (
				91F37513277E46B9006C970F /* Tinder Build */,
			);
		};
/* End PBXProject section */

/* Begin PBXResourcesBuildPhase section */
		91F37512277E46B9006C970F /* Resources */ = {
			isa = PBXResourcesBuildPhase;
			buildActionMask = 2147483647;
			files = (
				91F3751F277E46BA006C970F /* Preview Assets.xcassets in Resources */,
				91F3751C277E46BA006C970F /* Assets.xcassets in Resources */,
			);
			runOnlyForDeploymentPostprocessing = 0;
		};
/* End PBXResourcesBuildPhase section */

/* Begin PBXSourcesBuildPhase section */
		91F37510277E46B9006C970F /* Sources */ = {
			isa = PBXSourcesBuildPhase;
			buildActionMask = 2147483647;
			files = (
				91A603BD277F54CC00B41F27 /* ChatManager.swift in Sources */,
				91C3B81627820B2500521FAE /* PersonCard.swift in Sources */,
				9109952F277FC8E000CC1F80 /* MessageListView.swift in Sources */,
				91F3751A277E46B9006C970F /* ContentView.swift in Sources */,
				91F37535277E5DCE006C970F /* RoundedImage.swift in Sources */,
				9171174F27838DA70073C1F2 /* PurchasePopup.swift in Sources */,
				91A603BF277F584900B41F27 /* ChatViewHeader.swift in Sources */,
				91C3B81A27822ECD00521FAE /* MatchesView.swift in Sources */,
				91F3752C277E515E006C970F /* Extensions.swift in Sources */,
				91099531277FC90B00CC1F80 /* MessageListVM.swift in Sources */,
				91F3753A277E6FB3006C970F /* ProfilePromo.swift in Sources */,
				91A603BB277F548200B41F27 /* ChatView.swift in Sources */,
				91F3753F277E776F006C970F /* Person.swift in Sources */,
				91F37543277E7DD2006C970F /* MessageBubble.swift in Sources */,
				91F37528277E49B3006C970F /* TabBarButton.swift in Sources */,
				91F37526277E4851006C970F /* MainView.swift in Sources */,
				91F37518277E46B9006C970F /* Tinder_BuildApp.swift in Sources */,
				91F3753D277E76AA006C970F /* Message.swift in Sources */,
				91F37533277E5C6B006C970F /* ProfileView.swift in Sources */,
				91F3752A277E4D51006C970F /* AppStateManager.swift in Sources */,
				91C3B8142782082000521FAE /* LikesView.swift in Sources */,
				91BA7D302780B13300EC3901 /* MessageRow.swift in Sources */,
				91C3B80F2782068B00521FAE /* UserManager.swift in Sources */,
				91C3B81827822E2400521FAE /* TopPicksView.swift in Sources */,
				91F37541277E7D36006C970F /* MessageThread.swift in Sources */,
				91C3B811278206CA00521FAE /* User.swift in Sources */,
			);
			runOnlyForDeploymentPostprocessing = 0;
		};
/* End PBXSourcesBuildPhase section */

/* Begin XCBuildConfiguration section */
		91F37520277E46BA006C970F /* Debug */ = {
			isa = XCBuildConfiguration;
			buildSettings = {
				ALWAYS_SEARCH_USER_PATHS = NO;
				CLANG_ANALYZER_NONNULL = YES;
				CLANG_ANALYZER_NUMBER_OBJECT_CONVERSION = YES_AGGRESSIVE;
				CLANG_CXX_LANGUAGE_STANDARD = "gnu++17";
				CLANG_CXX_LIBRARY = "libc++";
				CLANG_ENABLE_MODULES = YES;
				CLANG_ENABLE_OBJC_ARC = YES;
				CLANG_ENABLE_OBJC_WEAK = YES;
				CLANG_WARN_BLOCK_CAPTURE_AUTORELEASING = YES;
				CLANG_WARN_BOOL_CONVERSION = YES;
				CLANG_WARN_COMMA = YES;
				CLANG_WARN_CONSTANT_CONVERSION = YES;
				CLANG_WARN_DEPRECATED_OBJC_IMPLEMENTATIONS = YES;
				CLANG_WARN_DIRECT_OBJC_ISA_USAGE = YES_ERROR;
				CLANG_WARN_DOCUMENTATION_COMMENTS = YES;
				CLANG_WARN_EMPTY_BODY = YES;
				CLANG_WARN_ENUM_CONVERSION = YES;
				CLANG_WARN_INFINITE_RECURSION = YES;
				CLANG_WARN_INT_CONVERSION = YES;
				CLANG_WARN_NON_LITERAL_NULL_CONVERSION = YES;
				CLANG_WARN_OBJC_IMPLICIT_RETAIN_SELF = YES;
				CLANG_WARN_OBJC_LITERAL_CONVERSION = YES;
				CLANG_WARN_OBJC_ROOT_CLASS = YES_ERROR;
				CLANG_WARN_QUOTED_INCLUDE_IN_FRAMEWORK_HEADER = YES;
				CLANG_WARN_RANGE_LOOP_ANALYSIS = YES;
				CLANG_WARN_STRICT_PROTOTYPES = YES;
				CLANG_WARN_SUSPICIOUS_MOVE = YES;
				CLANG_WARN_UNGUARDED_AVAILABILITY = YES_AGGRESSIVE;
				CLANG_WARN_UNREACHABLE_CODE = YES;
				CLANG_WARN__DUPLICATE_METHOD_MATCH = YES;
				COPY_PHASE_STRIP = NO;
				DEBUG_INFORMATION_FORMAT = dwarf;
				ENABLE_STRICT_OBJC_MSGSEND = YES;
				ENABLE_TESTABILITY = YES;
				GCC_C_LANGUAGE_STANDARD = gnu11;
				GCC_DYNAMIC_NO_PIC = NO;
				GCC_NO_COMMON_BLOCKS = YES;
				GCC_OPTIMIZATION_LEVEL = 0;
				GCC_PREPROCESSOR_DEFINITIONS = (
					"DEBUG=1",
					"$(inherited)",
				);
				GCC_WARN_64_TO_32_BIT_CONVERSION = YES;
				GCC_WARN_ABOUT_RETURN_TYPE = YES_ERROR;
				GCC_WARN_UNDECLARED_SELECTOR = YES;
				GCC_WARN_UNINITIALIZED_AUTOS = YES_AGGRESSIVE;
				GCC_WARN_UNUSED_FUNCTION = YES;
				GCC_WARN_UNUSED_VARIABLE = YES;
				IPHONEOS_DEPLOYMENT_TARGET = 15.2;
				MTL_ENABLE_DEBUG_INFO = INCLUDE_SOURCE;
				MTL_FAST_MATH = YES;
				ONLY_ACTIVE_ARCH = YES;
				SDKROOT = iphoneos;
				SWIFT_ACTIVE_COMPILATION_CONDITIONS = DEBUG;
				SWIFT_OPTIMIZATION_LEVEL = "-Onone";
			};
			name = Debug;
		};
		91F37521277E46BA006C970F /* Release */ = {
			isa = XCBuildConfiguration;
			buildSettings = {
				ALWAYS_SEARCH_USER_PATHS = NO;
				CLANG_ANALYZER_NONNULL = YES;
				CLANG_ANALYZER_NUMBER_OBJECT_CONVERSION = YES_AGGRESSIVE;
				CLANG_CXX_LANGUAGE_STANDARD = "gnu++17";
				CLANG_CXX_LIBRARY = "libc++";
				CLANG_ENABLE_MODULES = YES;
				CLANG_ENABLE_OBJC_ARC = YES;
				CLANG_ENABLE_OBJC_WEAK = YES;
				CLANG_WARN_BLOCK_CAPTURE_AUTORELEASING = YES;
				CLANG_WARN_BOOL_CONVERSION = YES;
				CLANG_WARN_COMMA = YES;
				CLANG_WARN_CONSTANT_CONVERSION = YES;
				CLANG_WARN_DEPRECATED_OBJC_IMPLEMENTATIONS = YES;
				CLANG_WARN_DIRECT_OBJC_ISA_USAGE = YES_ERROR;
				CLANG_WARN_DOCUMENTATION_COMMENTS = YES;
				CLANG_WARN_EMPTY_BODY = YES;
				CLANG_WARN_ENUM_CONVERSION = YES;
				CLANG_WARN_INFINITE_RECURSION = YES;
				CLANG_WARN_INT_CONVERSION = YES;
				CLANG_WARN_NON_LITERAL_NULL_CONVERSION = YES;
				CLANG_WARN_OBJC_IMPLICIT_RETAIN_SELF = YES;
				CLANG_WARN_OBJC_LITERAL_CONVERSION = YES;
				CLANG_WARN_OBJC_ROOT_CLASS = YES_ERROR;
				CLANG_WARN_QUOTED_INCLUDE_IN_FRAMEWORK_HEADER = YES;
				CLANG_WARN_RANGE_LOOP_ANALYSIS = YES;
				CLANG_WARN_STRICT_PROTOTYPES = YES;
				CLANG_WARN_SUSPICIOUS_MOVE = YES;
				CLANG_WARN_UNGUARDED_AVAILABILITY = YES_AGGRESSIVE;
				CLANG_WARN_UNREACHABLE_CODE = YES;
				CLANG_WARN__DUPLICATE_METHOD_MATCH = YES;
				COPY_PHASE_STRIP = NO;
				DEBUG_INFORMATION_FORMAT = "dwarf-with-dsym";
				ENABLE_NS_ASSERTIONS = NO;
				ENABLE_STRICT_OBJC_MSGSEND = YES;
				GCC_C_LANGUAGE_STANDARD = gnu11;
				GCC_NO_COMMON_BLOCKS = YES;
				GCC_WARN_64_TO_32_BIT_CONVERSION = YES;
				GCC_WARN_ABOUT_RETURN_TYPE = YES_ERROR;
				GCC_WARN_UNDECLARED_SELECTOR = YES;
				GCC_WARN_UNINITIALIZED_AUTOS = YES_AGGRESSIVE;
				GCC_WARN_UNUSED_FUNCTION = YES;
				GCC_WARN_UNUSED_VARIABLE = YES;
				IPHONEOS_DEPLOYMENT_TARGET = 15.2;
				MTL_ENABLE_DEBUG_INFO = NO;
				MTL_FAST_MATH = YES;
				SDKROOT = iphoneos;
				SWIFT_COMPILATION_MODE = wholemodule;
				SWIFT_OPTIMIZATION_LEVEL = "-O";
				VALIDATE_PRODUCT = YES;
			};
			name = Release;
		};
		91F37523277E46BA006C970F /* Debug */ = {
			isa = XCBuildConfiguration;
			buildSettings = {
				ASSETCATALOG_COMPILER_APPICON_NAME = AppIcon;
				ASSETCATALOG_COMPILER_GLOBAL_ACCENT_COLOR_NAME = AccentColor;
				CODE_SIGN_STYLE = Automatic;
				CURRENT_PROJECT_VERSION = 1;
				DEVELOPMENT_ASSET_PATHS = "\"Tinder Build/Preview Content\"";
				DEVELOPMENT_TEAM = 8AG33EWU86;
				ENABLE_PREVIEWS = YES;
				GENERATE_INFOPLIST_FILE = YES;
				INFOPLIST_KEY_UIApplicationSceneManifest_Generation = YES;
				INFOPLIST_KEY_UIApplicationSupportsIndirectInputEvents = YES;
				INFOPLIST_KEY_UILaunchScreen_Generation = YES;
				INFOPLIST_KEY_UISupportedInterfaceOrientations_iPad = "UIInterfaceOrientationPortrait UIInterfaceOrientationPortraitUpsideDown UIInterfaceOrientationLandscapeLeft UIInterfaceOrientationLandscapeRight";
				INFOPLIST_KEY_UISupportedInterfaceOrientations_iPhone = "UIInterfaceOrientationPortrait UIInterfaceOrientationLandscapeLeft UIInterfaceOrientationLandscapeRight";
				LD_RUNPATH_SEARCH_PATHS = (
					"$(inherited)",
					"@executable_path/Frameworks",
				);
				MARKETING_VERSION = 1.0;
				PRODUCT_BUNDLE_IDENTIFIER = "com.imoment.Tinder-Build";
				PRODUCT_NAME = "$(TARGET_NAME)";
				SWIFT_EMIT_LOC_STRINGS = YES;
				SWIFT_VERSION = 5.0;
				TARGETED_DEVICE_FAMILY = "1,2";
			};
			name = Debug;
		};
		91F37524277E46BA006C970F /* Release */ = {
			isa = XCBuildConfiguration;
			buildSettings = {
				ASSETCATALOG_COMPILER_APPICON_NAME = AppIcon;
				ASSETCATALOG_COMPILER_GLOBAL_ACCENT_COLOR_NAME = AccentColor;
				CODE_SIGN_STYLE = Automatic;
				CURRENT_PROJECT_VERSION = 1;
				DEVELOPMENT_ASSET_PATHS = "\"Tinder Build/Preview Content\"";
				DEVELOPMENT_TEAM = 8AG33EWU86;
				ENABLE_PREVIEWS = YES;
				GENERATE_INFOPLIST_FILE = YES;
				INFOPLIST_KEY_UIApplicationSceneManifest_Generation = YES;
				INFOPLIST_KEY_UIApplicationSupportsIndirectInputEvents = YES;
				INFOPLIST_KEY_UILaunchScreen_Generation = YES;
				INFOPLIST_KEY_UISupportedInterfaceOrientations_iPad = "UIInterfaceOrientationPortrait UIInterfaceOrientationPortraitUpsideDown UIInterfaceOrientationLandscapeLeft UIInterfaceOrientationLandscapeRight";
				INFOPLIST_KEY_UISupportedInterfaceOrientations_iPhone = "UIInterfaceOrientationPortrait UIInterfaceOrientationLandscapeLeft UIInterfaceOrientationLandscapeRight";
				LD_RUNPATH_SEARCH_PATHS = (
					"$(inherited)",
					"@executable_path/Frameworks",
				);
				MARKETING_VERSION = 1.0;
				PRODUCT_BUNDLE_IDENTIFIER = "com.imoment.Tinder-Build";
				PRODUCT_NAME = "$(TARGET_NAME)";
				SWIFT_EMIT_LOC_STRINGS = YES;
				SWIFT_VERSION = 5.0;
				TARGETED_DEVICE_FAMILY = "1,2";
			};
			name = Release;
		};
/* End XCBuildConfiguration section */

/* Begin XCConfigurationList section */
		91F3750F277E46B9006C970F /* Build configuration list for PBXProject "Tinder Build" */ = {
			isa = XCConfigurationList;
			buildConfigurations = (
				91F37520277E46BA006C970F /* Debug */,
				91F37521277E46BA006C970F /* Release */,
			);
			defaultConfigurationIsVisible = 0;
			defaultConfigurationName = Release;
		};
		91F37522277E46BA006C970F /* Build configuration list for PBXNativeTarget "Tinder Build" */ = {
			isa = XCConfigurationList;
			buildConfigurations = (
				91F37523277E46BA006C970F /* Debug */,
				91F37524277E46BA006C970F /* Release */,
			);
			defaultConfigurationIsVisible = 0;
			defaultConfigurationName = Release;
		};
/* End XCConfigurationList section */

/* Begin XCRemoteSwiftPackageReference section */
		91F37536277E5E2E006C970F /* XCRemoteSwiftPackageReference "Kingfisher" */ = {
			isa = XCRemoteSwiftPackageReference;
			repositoryURL = "https://github.com/onevcat/Kingfisher";
			requirement = {
				branch = master;
				kind = branch;
			};
		};
/* End XCRemoteSwiftPackageReference section */

/* Begin XCSwiftPackageProductDependency section */
		91F37537277E5E2E006C970F /* Kingfisher */ = {
			isa = XCSwiftPackageProductDependency;
			package = 91F37536277E5E2E006C970F /* XCRemoteSwiftPackageReference "Kingfisher" */;
			productName = Kingfisher;
		};
/* End XCSwiftPackageProductDependency section */
	};
	rootObject = 91F3750C277E46B9006C970F /* Project object */;
}
